<?xml version="1.0" encoding="UTF-8"?>
<CodeBlocks_project_file>
	<FileVersion major="1" minor="6"/>
	<Project>
		<Option title="mvo"/>
		<Option makefile_is_custom="1"/>
		<Option compiler="gcc"/>
		<Option virtualFolders="CMake Files\;CMake Files\..\;CMake Files\..\..\;CMake Files\..\..\..\;CMake Files\..\..\..\..\;CMake Files\..\..\..\..\usr\;CMake Files\..\..\..\..\usr\share\;CMake Files\..\..\..\..\usr\share\OpenCV\;"/>
		<Build>
			<Target title="all">
				<Option working_dir="/home/laguna/CLionProjects/mvo"/>
				<Option type="4"/>
				<MakeCommands>
					<Build command="/usr/bin/make -f &quot;/home/laguna/CLionProjects/mvo/Makefile&quot;  VERBOSE=1 all"/>
					<CompileFile command="/usr/bin/make -f &quot;/home/laguna/CLionProjects/mvo/Makefile&quot;  VERBOSE=1 &quot;$file&quot;"/>
					<Clean command="/usr/bin/make -f &quot;/home/laguna/CLionProjects/mvo/Makefile&quot;  VERBOSE=1 clean"/>
					<DistClean command="/usr/bin/make -f &quot;/home/laguna/CLionProjects/mvo/Makefile&quot;  VERBOSE=1 clean"/>
				</MakeCommands>
			</Target>
			<Target title="rebuild_cache">
				<Option working_dir="/home/laguna/CLionProjects/mvo"/>
				<Option type="4"/>
				<MakeCommands>
					<Build command="/usr/bin/make -f &quot;/home/laguna/CLionProjects/mvo/Makefile&quot;  VERBOSE=1 rebuild_cache"/>
					<CompileFile command="/usr/bin/make -f &quot;/home/laguna/CLionProjects/mvo/Makefile&quot;  VERBOSE=1 &quot;$file&quot;"/>
					<Clean command="/usr/bin/make -f &quot;/home/laguna/CLionProjects/mvo/Makefile&quot;  VERBOSE=1 clean"/>
					<DistClean command="/usr/bin/make -f &quot;/home/laguna/CLionProjects/mvo/Makefile&quot;  VERBOSE=1 clean"/>
				</MakeCommands>
			</Target>
			<Target title="mvo">
				<Option output="/home/laguna/CLionProjects/mvo/mvo" prefix_auto="0" extension_auto="0"/>
				<Option working_dir="/home/laguna/CLionProjects/mvo"/>
				<Option object_output="./"/>
				<Option type="1"/>
				<Option compiler="gcc"/>
				<Compiler>
					<Add directory="/usr/include/opencv"/>
				</Compiler>
				<MakeCommands>
					<Build command="/usr/bin/make -f &quot;/home/laguna/CLionProjects/mvo/Makefile&quot;  VERBOSE=1 mvo"/>
					<CompileFile command="/usr/bin/make -f &quot;/home/laguna/CLionProjects/mvo/Makefile&quot;  VERBOSE=1 &quot;$file&quot;"/>
					<Clean command="/usr/bin/make -f &quot;/home/laguna/CLionProjects/mvo/Makefile&quot;  VERBOSE=1 clean"/>
					<DistClean command="/usr/bin/make -f &quot;/home/laguna/CLionProjects/mvo/Makefile&quot;  VERBOSE=1 clean"/>
				</MakeCommands>
			</Target>
			<Target title="mvo/fast">
				<Option output="/home/laguna/CLionProjects/mvo/mvo" prefix_auto="0" extension_auto="0"/>
				<Option working_dir="/home/laguna/CLionProjects/mvo"/>
				<Option object_output="./"/>
				<Option type="1"/>
				<Option compiler="gcc"/>
				<Compiler>
					<Add directory="/usr/include/opencv"/>
				</Compiler>
				<MakeCommands>
					<Build command="/usr/bin/make -f &quot;/home/laguna/CLionProjects/mvo/Makefile&quot;  VERBOSE=1 mvo/fast"/>
					<CompileFile command="/usr/bin/make -f &quot;/home/laguna/CLionProjects/mvo/Makefile&quot;  VERBOSE=1 &quot;$file&quot;"/>
					<Clean command="/usr/bin/make -f &quot;/home/laguna/CLionProjects/mvo/Makefile&quot;  VERBOSE=1 clean"/>
					<DistClean command="/usr/bin/make -f &quot;/home/laguna/CLionProjects/mvo/Makefile&quot;  VERBOSE=1 clean"/>
				</MakeCommands>
			</Target>
			<Target title="edit_cache">
				<Option working_dir="/home/laguna/CLionProjects/mvo"/>
				<Option type="4"/>
				<MakeCommands>
					<Build command="/usr/bin/make -f &quot;/home/laguna/CLionProjects/mvo/Makefile&quot;  VERBOSE=1 edit_cache"/>
					<CompileFile command="/usr/bin/make -f &quot;/home/laguna/CLionProjects/mvo/Makefile&quot;  VERBOSE=1 &quot;$file&quot;"/>
					<Clean command="/usr/bin/make -f &quot;/home/laguna/CLionProjects/mvo/Makefile&quot;  VERBOSE=1 clean"/>
					<DistClean command="/usr/bin/make -f &quot;/home/laguna/CLionProjects/mvo/Makefile&quot;  VERBOSE=1 clean"/>
				</MakeCommands>
			</Target>
		</Build>
		<Unit filename="/home/laguna/CLionProjects/mvo/include/constants.h">
			<Option target="mvo"/>
		</Unit>
		<Unit filename="/home/laguna/CLionProjects/mvo/include/loadData.h">
			<Option target="mvo"/>
		</Unit>
		<Unit filename="/home/laguna/CLionProjects/mvo/include/processing.h">
			<Option target="mvo"/>
		</Unit>
		<Unit filename="/home/laguna/CLionProjects/mvo/src/features.cpp">
			<Option target="mvo"/>
		</Unit>
		<Unit filename="/home/laguna/CLionProjects/mvo/src/loadData.cpp">
			<Option target="mvo"/>
		</Unit>
		<Unit filename="/home/laguna/CLionProjects/mvo/src/main.cpp">
			<Option target="mvo"/>
		</Unit>
		<Unit filename="/home/laguna/CLionProjects/mvo/src/processing.cpp">
			<Option target="mvo"/>
		</Unit>
		<Unit filename="/home/laguna/CLionProjects/mvo/CMakeLists.txt">
			<Option virtualFolder="CMake Files\"/>
		</Unit>
		<Unit filename="/home/laguna/CLionProjects/mvo/../../../../usr/share/OpenCV/OpenCVConfig-version.cmake">
			<Option virtualFolder="CMake Files\..\..\..\..\usr\share\OpenCV\"/>
		</Unit>
		<Unit filename="/home/laguna/CLionProjects/mvo/../../../../usr/share/OpenCV/OpenCVConfig.cmake">
			<Option virtualFolder="CMake Files\..\..\..\..\usr\share\OpenCV\"/>
		</Unit>
		<Unit filename="/home/laguna/CLionProjects/mvo/../../../../usr/share/OpenCV/OpenCVModules-release.cmake">
			<Option virtualFolder="CMake Files\..\..\..\..\usr\share\OpenCV\"/>
		</Unit>
		<Unit filename="/home/laguna/CLionProjects/mvo/../../../../usr/share/OpenCV/OpenCVModules.cmake">
			<Option virtualFolder="CMake Files\..\..\..\..\usr\share\OpenCV\"/>
		</Unit>
	</Project>
</CodeBlocks_project_file>
